dependencies:
- name: traefik
  repository: https://traefik.github.io/charts
  version: 28.3.0
- name: metallb
  repository: https://metallb.github.io/metallb
  version: 0.14.5
- name: dex
  repository: https://charts.dexidp.io
  version: 0.18.0
- name: cert-manager
  repository: https://charts.jetstack.io
  version: v1.15.0
- name: cloudnative-pg
  repository: https://cloudnative-pg.github.io/charts
  version: 0.21.5
- name: argo-cd
  repository: https://argoproj.github.io/argo-helm
  version: 3.35.4
- name: argo-workflows
  repository: https://argoproj.github.io/argo-helm
  version: 0.41.8
- name: argo-events
  repository: https://argoproj.github.io/argo-helm
  version: 2.4.6
digest: sha256:80da09cf212c892cca6794a966e400b3e5a8f885ddf8b2c8eda29d8259f62d13
generated: "2024-06-16T16:47:51.731573331+02:00"
